<?xml version="1.0" encoding="utf-8"?>
<Project ToolsVersion="4.0" xmlns="http://schemas.microsoft.com/developer/msbuild/2003">
  <ItemGroup>
    <Filter Include="Platform">
      <UniqueIdentifier>{2AC788B4-1694-E3BF-3FAD-D1672BD9184E}</UniqueIdentifier>
    </Filter>
    <Filter Include="Platform\OpenGL">
      <UniqueIdentifier>{1E7D2C1D-8A08-9AE1-9319-1DD6FF23F6E1}</UniqueIdentifier>
    </Filter>
    <Filter Include="Platform\Windows">
      <UniqueIdentifier>{64FBD71A-50F4-F66C-7926-DCF1657ED678}</UniqueIdentifier>
    </Filter>
    <Filter Include="Spu">
      <UniqueIdentifier>{DD22880B-492C-887C-D2A7-9E7C3EB0937C}</UniqueIdentifier>
    </Filter>
    <Filter Include="Spu\Events">
      <UniqueIdentifier>{21541841-0D0C-5A8E-7613-33EA62EAF47E}</UniqueIdentifier>
    </Filter>
    <Filter Include="Spu\ImGui">
      <UniqueIdentifier>{C789A8B4-33F4-5C2B-7C32-0ED1E8DB3A80}</UniqueIdentifier>
    </Filter>
  </ItemGroup>
  <ItemGroup>
    <ClInclude Include="src\Platform\OpenGL\ImGuiOpenGLRenderer.h">
      <Filter>Platform\OpenGL</Filter>
    </ClInclude>
    <ClInclude Include="src\Platform\Windows\WindowsInput.h">
      <Filter>Platform\Windows</Filter>
    </ClInclude>
    <ClInclude Include="src\Platform\Windows\WindowsWindow.h">
      <Filter>Platform\Windows</Filter>
    </ClInclude>
    <ClInclude Include="src\Spu.h" />
    <ClInclude Include="src\Spu\Application.h">
      <Filter>Spu</Filter>
    </ClInclude>
    <ClInclude Include="src\Spu\Core.h">
      <Filter>Spu</Filter>
    </ClInclude>
    <ClInclude Include="src\Spu\EntryPoint.h">
      <Filter>Spu</Filter>
    </ClInclude>
    <ClInclude Include="src\Spu\Events\ApplicationEvent.h">
      <Filter>Spu\Events</Filter>
    </ClInclude>
    <ClInclude Include="src\Spu\Events\Event.h">
      <Filter>Spu\Events</Filter>
    </ClInclude>
    <ClInclude Include="src\Spu\Events\KeyEvent.h">
      <Filter>Spu\Events</Filter>
    </ClInclude>
    <ClInclude Include="src\Spu\Events\MouseEvent.h">
      <Filter>Spu\Events</Filter>
    </ClInclude>
    <ClInclude Include="src\Spu\ImGui\ImGuiLayer.h">
      <Filter>Spu\ImGui</Filter>
    </ClInclude>
    <ClInclude Include="src\Spu\Input.h">
      <Filter>Spu</Filter>
    </ClInclude>
    <ClInclude Include="src\Spu\KeyCodes.h">
      <Filter>Spu</Filter>
    </ClInclude>
    <ClInclude Include="src\Spu\Layer.h">
      <Filter>Spu</Filter>
    </ClInclude>
    <ClInclude Include="src\Spu\LayerStack.h">
      <Filter>Spu</Filter>
    </ClInclude>
    <ClInclude Include="src\Spu\Logger.h">
      <Filter>Spu</Filter>
    </ClInclude>
    <ClInclude Include="src\Spu\MouseButtonCodes.h">
      <Filter>Spu</Filter>
    </ClInclude>
    <ClInclude Include="src\Spu\Window.h">
      <Filter>Spu</Filter>
    </ClInclude>
    <ClInclude Include="src\supch.h" />
  </ItemGroup>
  <ItemGroup>
    <ClCompile Include="src\Platform\OpenGL\ImGuiOpenGLRenderer.cpp">
      <Filter>Platform\OpenGL</Filter>
    </ClCompile>
    <ClCompile Include="src\Platform\Windows\WindowsInput.cpp">
      <Filter>Platform\Windows</Filter>
    </ClCompile>
    <ClCompile Include="src\Platform\Windows\WindowsWindow.cpp">
      <Filter>Platform\Windows</Filter>
    </ClCompile>
    <ClCompile Include="src\Spu\Application.cpp">
      <Filter>Spu</Filter>
    </ClCompile>
    <ClCompile Include="src\Spu\ImGui\ImGuiLayer.cpp">
      <Filter>Spu\ImGui</Filter>
    </ClCompile>
    <ClCompile Include="src\Spu\Layer.cpp">
      <Filter>Spu</Filter>
    </ClCompile>
    <ClCompile Include="src\Spu\LayerStack.cpp">
      <Filter>Spu</Filter>
    </ClCompile>
    <ClCompile Include="src\Spu\Logger.cpp">
      <Filter>Spu</Filter>
    </ClCompile>
    <ClCompile Include="src\supch.cpp" />
  </ItemGroup>
</Project>